# THIS IS AN AUTOGENERATED FILE. DO NOT EDIT THIS FILE DIRECTLY.
# yarn lockfile v1


node-bin-setup@^1.0.0:
  version "1.1.3"
  resolved "https://registry.yarnpkg.com/node-bin-setup/-/node-bin-setup-1.1.3.tgz#d45d5220e3b2ecc3a94263a56116f727f6c1bb14"
  integrity sha512-opgw9iSCAzT2+6wJOETCpeRYAQxSopqQ2z+N6BXwIMsQQ7Zj5M8MaafQY8JMlolRR6R1UXg2WmhKp0p9lSOivg==

node@^19.3.0:
  version "19.3.0"
  resolved "https://registry.yarnpkg.com/node/-/node-19.3.0.tgz#4be87f322a52eaf3b24d921749f370f8286be8ea"
  integrity sha512-y45/LdrEKlw2/RbeJjI7HccRX35tar2A8sfYvAJUfb86hTZilYxa11yyzVVoEolRHPwzB1mN3Jcw3ow75Diklw==
  dependencies:
    node-bin-setup "^1.0.0"
